
Microsoft Visual Studio Solution File, Format Version 12.00
# Visual Studio Version 17
VisualStudioVersion = 17.1.32228.430
MinimumVisualStudioVersion = 10.0.40219.1
Project("{9A19103F-16F7-4668-BE54-9A1E7A4F7556}") = "Saab.Time.Fakes", "FakeTime\Saab.Time.Fakes.csproj", "{01C49DD8-2C11-419E-B6B7-F7DBB08281C3}"
EndProject
Project("{9A19103F-16F7-4668-BE54-9A1E7A4F7556}") = "Saab.Time.Fakes.Tests", "FakeTime.Tests\Saab.Time.Fakes.Tests.csproj", "{C989C6E5-242E-4EB7-926E-04B8AA706073}"
EndProject
Global
	GlobalSection(SolutionConfigurationPlatforms) = preSolution
		Debug|Any CPU = Debug|Any CPU
		Release|Any CPU = Release|Any CPU
	EndGlobalSection
	GlobalSection(ProjectConfigurationPlatforms) = postSolution
		{01C49DD8-2C11-419E-B6B7-F7DBB08281C3}.Debug|Any CPU.ActiveCfg = Debug|Any CPU
		{01C49DD8-2C11-419E-B6B7-F7DBB08281C3}.Debug|Any CPU.Build.0 = Debug|Any CPU
		{01C49DD8-2C11-419E-B6B7-F7DBB08281C3}.Release|Any CPU.ActiveCfg = Release|Any CPU
		{01C49DD8-2C11-419E-B6B7-F7DBB08281C3}.Release|Any CPU.Build.0 = Release|Any CPU
		{C989C6E5-242E-4EB7-926E-04B8AA706073}.Debug|Any CPU.ActiveCfg = Debug|Any CPU
		{C989C6E5-242E-4EB7-926E-04B8AA706073}.Debug|Any CPU.Build.0 = Debug|Any CPU
		{C989C6E5-242E-4EB7-926E-04B8AA706073}.Release|Any CPU.ActiveCfg = Release|Any CPU
		{C989C6E5-242E-4EB7-926E-04B8AA706073}.Release|Any CPU.Build.0 = Release|Any CPU
	EndGlobalSection
	GlobalSection(SolutionProperties) = preSolution
		HideSolutionNode = FALSE
	EndGlobalSection
	GlobalSection(ExtensibilityGlobals) = postSolution
		SolutionGuid = {BCD1746A-7A9A-4F86-AFF3-5F82DA6874E5}
	EndGlobalSection
EndGlobal
